{
  "originHash" : "d9d40869e4b63ec7dd34c98c12a5a8f7930a9831a4009d4f471ff1dfa320ec65",
  "pins" : [
    {
      "identity" : "kingfisher",
      "kind" : "remoteSourceControl",
      "location" : "https://github.com/onevcat/Kingfisher.git",
      "state" : {
        "revision" : "c152c1915f60c51e4afa0752656993ee5b3c63db",
        "version" : "8.8.1"
      }
    }
  ],
  "version" : 3
}
